// !$*UTF8*$!
{
	archiveVersion = 1;
	classes = {
	};
	objectVersion = 46;
	objects = {

/* Begin PBXBuildFile section */
		D203CFDF1E74691800F5E0A6 /* AppDelegate.swift in Sources */ = {isa = PBXBuildFile; fileRef = D203CFDE1E74691800F5E0A6 /* AppDelegate.swift */; };
		D203CFE31E74691800F5E0A6 /* Assets.xcassets in Resources */ = {isa = PBXBuildFile; fileRef = D203CFE21E74691800F5E0A6 /* Assets.xcassets */; };
		D203CFE61E74691800F5E0A6 /* Main.storyboard in Resources */ = {isa = PBXBuildFile; fileRef = D203CFE41E74691800F5E0A6 /* Main.storyboard */; };
		D203CFF11E74691800F5E0A6 /* YoutubeDownloaderTests.swift in Sources */ = {isa = PBXBuildFile; fileRef = D203CFF01E74691800F5E0A6 /* YoutubeDownloaderTests.swift */; };
		D203CFFC1E74691800F5E0A6 /* YoutubeDownloaderUITests.swift in Sources */ = {isa = PBXBuildFile; fileRef = D203CFFB1E74691800F5E0A6 /* YoutubeDownloaderUITests.swift */; };
		D203D00D1E7469EE00F5E0A6 /* MainViewController.swift in Sources */ = {isa = PBXBuildFile; fileRef = D203D00B1E7469EE00F5E0A6 /* MainViewController.swift */; };
		D203D00F1E746A3700F5E0A6 /* youtube-dl in Resources */ = {isa = PBXBuildFile; fileRef = D203D00E1E746A3700F5E0A6 /* youtube-dl */; };
		D203D0111E746A7D00F5E0A6 /* Task.swift in Sources */ = {isa = PBXBuildFile; fileRef = D203D0101E746A7D00F5E0A6 /* Task.swift */; };
		D203D0141E74720700F5E0A6 /* DispatchQueue+Extensions.swift in Sources */ = {isa = PBXBuildFile; fileRef = D203D0131E74720700F5E0A6 /* DispatchQueue+Extensions.swift */; };
/* End PBXBuildFile section */

/* Begin PBXContainerItemProxy section */
		D203CFED1E74691800F5E0A6 /* PBXContainerItemProxy */ = {
			isa = PBXContainerItemProxy;
			containerPortal = D203CFD31E74691800F5E0A6 /* Project object */;
			proxyType = 1;
			remoteGlobalIDString = D203CFDA1E74691800F5E0A6;
			remoteInfo = YoutubeDownloader;
		};
		D203CFF81E74691800F5E0A6 /* PBXContainerItemProxy */ = {
			isa = PBXContainerItemProxy;
			containerPortal = D203CFD31E74691800F5E0A6 /* Project object */;
			proxyType = 1;
			remoteGlobalIDString = D203CFDA1E74691800F5E0A6;
			remoteInfo = YoutubeDownloader;
		};
/* End PBXContainerItemProxy section */

/* Begin PBXFileReference section */
		D203CFDB1E74691800F5E0A6 /* YoutubeDownloader.app */ = {isa = PBXFileReference; explicitFileType = wrapper.application; includeInIndex = 0; path = YoutubeDownloader.app; sourceTree = BUILT_PRODUCTS_DIR; };
		D203CFDE1E74691800F5E0A6 /* AppDelegate.swift */ = {isa = PBXFileReference; lastKnownFileType = sourcecode.swift; path = AppDelegate.swift; sourceTree = "<group>"; };
		D203CFE21E74691800F5E0A6 /* Assets.xcassets */ = {isa = PBXFileReference; lastKnownFileType = folder.assetcatalog; path = Assets.xcassets; sourceTree = "<group>"; };
		D203CFE51E74691800F5E0A6 /* Base */ = {isa = PBXFileReference; lastKnownFileType = file.storyboard; name = Base; path = Base.lproj/Main.storyboard; sourceTree = "<group>"; };
		D203CFE71E74691800F5E0A6 /* Info.plist */ = {isa = PBXFileReference; lastKnownFileType = text.plist.xml; path = Info.plist; sourceTree = "<group>"; };
		D203CFEC1E74691800F5E0A6 /* YoutubeDownloaderTests.xctest */ = {isa = PBXFileReference; explicitFileType = wrapper.cfbundle; includeInIndex = 0; path = YoutubeDownloaderTests.xctest; sourceTree = BUILT_PRODUCTS_DIR; };
		D203CFF01E74691800F5E0A6 /* YoutubeDownloaderTests.swift */ = {isa = PBXFileReference; lastKnownFileType = sourcecode.swift; path = YoutubeDownloaderTests.swift; sourceTree = "<group>"; };
		D203CFF21E74691800F5E0A6 /* Info.plist */ = {isa = PBXFileReference; lastKnownFileType = text.plist.xml; path = Info.plist; sourceTree = "<group>"; };
		D203CFF71E74691800F5E0A6 /* YoutubeDownloaderUITests.xctest */ = {isa = PBXFileReference; explicitFileType = wrapper.cfbundle; includeInIndex = 0; path = YoutubeDownloaderUITests.xctest; sourceTree = BUILT_PRODUCTS_DIR; };
		D203CFFB1E74691800F5E0A6 /* YoutubeDownloaderUITests.swift */ = {isa = PBXFileReference; lastKnownFileType = sourcecode.swift; path = YoutubeDownloaderUITests.swift; sourceTree = "<group>"; };
		D203CFFD1E74691800F5E0A6 /* Info.plist */ = {isa = PBXFileReference; lastKnownFileType = text.plist.xml; path = Info.plist; sourceTree = "<group>"; };
		D203D00B1E7469EE00F5E0A6 /* MainViewController.swift */ = {isa = PBXFileReference; fileEncoding = 4; lastKnownFileType = sourcecode.swift; path = MainViewController.swift; sourceTree = "<group>"; };
		D203D00E1E746A3700F5E0A6 /* youtube-dl */ = {isa = PBXFileReference; lastKnownFileType = file; path = "youtube-dl"; sourceTree = "<group>"; };
		D203D0101E746A7D00F5E0A6 /* Task.swift */ = {isa = PBXFileReference; fileEncoding = 4; lastKnownFileType = sourcecode.swift; path = Task.swift; sourceTree = "<group>"; };
		D203D0131E74720700F5E0A6 /* DispatchQueue+Extensions.swift */ = {isa = PBXFileReference; fileEncoding = 4; lastKnownFileType = sourcecode.swift; path = "DispatchQueue+Extensions.swift"; sourceTree = "<group>"; };
/* End PBXFileReference section */

/* Begin PBXFrameworksBuildPhase section */
		D203CFD81E74691800F5E0A6 /* Frameworks */ = {
			isa = PBXFrameworksBuildPhase;
			buildActionMask = 2147483647;
			files = (
			);
			runOnlyForDeploymentPostprocessing = 0;
		};
		D203CFE91E74691800F5E0A6 /* Frameworks */ = {
			isa = PBXFrameworksBuildPhase;
			buildActionMask = 2147483647;
			files = (
			);
			runOnlyForDeploymentPostprocessing = 0;
		};
		D203CFF41E74691800F5E0A6 /* Frameworks */ = {
			isa = PBXFrameworksBuildPhase;
			buildActionMask = 2147483647;
			files = (
			);
			runOnlyForDeploymentPostprocessing = 0;
		};
/* End PBXFrameworksBuildPhase section */

/* Begin PBXGroup section */
		D203CFD21E74691800F5E0A6 = {
			isa = PBXGroup;
			children = (
				D203CFDD1E74691800F5E0A6 /* YoutubeDownloader */,
				D203CFEF1E74691800F5E0A6 /* YoutubeDownloaderTests */,
				D203CFFA1E74691800F5E0A6 /* YoutubeDownloaderUITests */,
				D203CFDC1E74691800F5E0A6 /* Products */,
			);
			sourceTree = "<group>";
		};
		D203CFDC1E74691800F5E0A6 /* Products */ = {
			isa = PBXGroup;
			children = (
				D203CFDB1E74691800F5E0A6 /* YoutubeDownloader.app */,
				D203CFEC1E74691800F5E0A6 /* YoutubeDownloaderTests.xctest */,
				D203CFF71E74691800F5E0A6 /* YoutubeDownloaderUITests.xctest */,
			);
			name = Products;
			sourceTree = "<group>";
		};
		D203CFDD1E74691800F5E0A6 /* YoutubeDownloader */ = {
			isa = PBXGroup;
			children = (
				D203D0121E7471FD00F5E0A6 /* Extensions */,
				D203D0091E7469EE00F5E0A6 /* cli */,
				D203D00A1E7469EE00F5E0A6 /* Main */,
				D203D00C1E7469EE00F5E0A6 /* Utils */,
				D203CFDE1E74691800F5E0A6 /* AppDelegate.swift */,
				D203CFE21E74691800F5E0A6 /* Assets.xcassets */,
				D203CFE41E74691800F5E0A6 /* Main.storyboard */,
				D203CFE71E74691800F5E0A6 /* Info.plist */,
			);
			path = YoutubeDownloader;
			sourceTree = "<group>";
		};
		D203CFEF1E74691800F5E0A6 /* YoutubeDownloaderTests */ = {
			isa = PBXGroup;
			children = (
				D203CFF01E74691800F5E0A6 /* YoutubeDownloaderTests.swift */,
				D203CFF21E74691800F5E0A6 /* Info.plist */,
			);
			path = YoutubeDownloaderTests;
			sourceTree = "<group>";
		};
		D203CFFA1E74691800F5E0A6 /* YoutubeDownloaderUITests */ = {
			isa = PBXGroup;
			children = (
				D203CFFB1E74691800F5E0A6 /* YoutubeDownloaderUITests.swift */,
				D203CFFD1E74691800F5E0A6 /* Info.plist */,
			);
			path = YoutubeDownloaderUITests;
			sourceTree = "<group>";
		};
		D203D0091E7469EE00F5E0A6 /* cli */ = {
			isa = PBXGroup;
			children = (
				D203D00E1E746A3700F5E0A6 /* youtube-dl */,
			);
			path = cli;
			sourceTree = "<group>";
		};
		D203D00A1E7469EE00F5E0A6 /* Main */ = {
			isa = PBXGroup;
			children = (
				D203D00B1E7469EE00F5E0A6 /* MainViewController.swift */,
			);
			path = Main;
			sourceTree = "<group>";
		};
		D203D00C1E7469EE00F5E0A6 /* Utils */ = {
			isa = PBXGroup;
			children = (
				D203D0101E746A7D00F5E0A6 /* Task.swift */,
			);
			path = Utils;
			sourceTree = "<group>";
		};
		D203D0121E7471FD00F5E0A6 /* Extensions */ = {
			isa = PBXGroup;
			children = (
				D203D0131E74720700F5E0A6 /* DispatchQueue+Extensions.swift */,
			);
			path = Extensions;
			sourceTree = "<group>";
		};
/* End PBXGroup section */

/* Begin PBXNativeTarget section */
		D203CFDA1E74691800F5E0A6 /* YoutubeDownloader */ = {
			isa = PBXNativeTarget;
			buildConfigurationList = D203D0001E74691800F5E0A6 /* Build configuration list for PBXNativeTarget "YoutubeDownloader" */;
			buildPhases = (
				D203CFD71E74691800F5E0A6 /* Sources */,
				D203CFD81E74691800F5E0A6 /* Frameworks */,
				D203CFD91E74691800F5E0A6 /* Resources */,
			);
			buildRules = (
			);
			dependencies = (
			);
			name = YoutubeDownloader;
			productName = YoutubeDownloader;
			productReference = D203CFDB1E74691800F5E0A6 /* YoutubeDownloader.app */;
			productType = "com.apple.product-type.application";
		};
		D203CFEB1E74691800F5E0A6 /* YoutubeDownloaderTests */ = {
			isa = PBXNativeTarget;
			buildConfigurationList = D203D0031E74691800F5E0A6 /* Build configuration list for PBXNativeTarget "YoutubeDownloaderTests" */;
			buildPhases = (
				D203CFE81E74691800F5E0A6 /* Sources */,
				D203CFE91E74691800F5E0A6 /* Frameworks */,
				D203CFEA1E74691800F5E0A6 /* Resources */,
			);
			buildRules = (
			);
			dependencies = (
				D203CFEE1E74691800F5E0A6 /* PBXTargetDependency */,
			);
			name = YoutubeDownloaderTests;
			productName = YoutubeDownloaderTests;
			productReference = D203CFEC1E74691800F5E0A6 /* YoutubeDownloaderTests.xctest */;
			productType = "com.apple.product-type.bundle.unit-test";
		};
		D203CFF61E74691800F5E0A6 /* YoutubeDownloaderUITests */ = {
			isa = PBXNativeTarget;
			buildConfigurationList = D203D0061E74691800F5E0A6 /* Build configuration list for PBXNativeTarget "YoutubeDownloaderUITests" */;
			buildPhases = (
				D203CFF31E74691800F5E0A6 /* Sources */,
				D203CFF41E74691800F5E0A6 /* Frameworks */,
				D203CFF51E74691800F5E0A6 /* Resources */,
			);
			buildRules = (
			);
			dependencies = (
				D203CFF91E74691800F5E0A6 /* PBXTargetDependency */,
			);
			name = YoutubeDownloaderUITests;
			productName = YoutubeDownloaderUITests;
			productReference = D203CFF71E74691800F5E0A6 /* YoutubeDownloaderUITests.xctest */;
			productType = "com.apple.product-type.bundle.ui-testing";
		};
/* End PBXNativeTarget section */

/* Begin PBXProject section */
		D203CFD31E74691800F5E0A6 /* Project object */ = {
			isa = PBXProject;
			attributes = {
				LastSwiftUpdateCheck = 0820;
				LastUpgradeCheck = 0820;
				ORGANIZATIONNAME = Fantageek;
				TargetAttributes = {
					D203CFDA1E74691800F5E0A6 = {
						CreatedOnToolsVersion = 8.2.1;
						ProvisioningStyle = Automatic;
					};
					D203CFEB1E74691800F5E0A6 = {
						CreatedOnToolsVersion = 8.2.1;
						ProvisioningStyle = Automatic;
						TestTargetID = D203CFDA1E74691800F5E0A6;
					};
					D203CFF61E74691800F5E0A6 = {
						CreatedOnToolsVersion = 8.2.1;
						ProvisioningStyle = Automatic;
						TestTargetID = D203CFDA1E74691800F5E0A6;
					};
				};
			};
			buildConfigurationList = D203CFD61E74691800F5E0A6 /* Build configuration list for PBXProject "YoutubeDownloader" */;
			compatibilityVersion = "Xcode 3.2";
			developmentRegion = English;
			hasScannedForEncodings = 0;
			knownRegions = (
				en,
				Base,
			);
			mainGroup = D203CFD21E74691800F5E0A6;
			productRefGroup = D203CFDC1E74691800F5E0A6 /* Products */;
			projectDirPath = "";
			projectRoot = "";
			targets = (
				D203CFDA1E74691800F5E0A6 /* YoutubeDownloader */,
				D203CFEB1E74691800F5E0A6 /* YoutubeDownloaderTests */,
				D203CFF61E74691800F5E0A6 /* YoutubeDownloaderUITests */,
			);
		};
/* End PBXProject section */

/* Begin PBXResourcesBuildPhase section */
		D203CFD91E74691800F5E0A6 /* Resources */ = {
			isa = PBXResourcesBuildPhase;
			buildActionMask = 2147483647;
			files = (
				D203CFE31E74691800F5E0A6 /* Assets.xcassets in Resources */,
				D203D00F1E746A3700F5E0A6 /* youtube-dl in Resources */,
				D203CFE61E74691800F5E0A6 /* Main.storyboard in Resources */,
			);
			runOnlyForDeploymentPostprocessing = 0;
		};
		D203CFEA1E74691800F5E0A6 /* Resources */ = {
			isa = PBXResourcesBuildPhase;
			buildActionMask = 2147483647;
			files = (
			);
			runOnlyForDeploymentPostprocessing = 0;
		};
		D203CFF51E74691800F5E0A6 /* Resources */ = {
			isa = PBXResourcesBuildPhase;
			buildActionMask = 2147483647;
			files = (
			);
			runOnlyForDeploymentPostprocessing = 0;
		};
/* End PBXResourcesBuildPhase section */

/* Begin PBXSourcesBuildPhase section */
		D203CFD71E74691800F5E0A6 /* Sources */ = {
			isa = PBXSourcesBuildPhase;
			buildActionMask = 2147483647;
			files = (
				D203D00D1E7469EE00F5E0A6 /* MainViewController.swift in Sources */,
				D203D0141E74720700F5E0A6 /* DispatchQueue+Extensions.swift in Sources */,
				D203D0111E746A7D00F5E0A6 /* Task.swift in Sources */,
				D203CFDF1E74691800F5E0A6 /* AppDelegate.swift in Sources */,
			);
			runOnlyForDeploymentPostprocessing = 0;
		};
		D203CFE81E74691800F5E0A6 /* Sources */ = {
			isa = PBXSourcesBuildPhase;
			buildActionMask = 2147483647;
			files = (
				D203CFF11E74691800F5E0A6 /* YoutubeDownloaderTests.swift in Sources */,
			);
			runOnlyForDeploymentPostprocessing = 0;
		};
		D203CFF31E74691800F5E0A6 /* Sources */ = {
			isa = PBXSourcesBuildPhase;
			buildActionMask = 2147483647;
			files = (
				D203CFFC1E74691800F5E0A6 /* YoutubeDownloaderUITests.swift in Sources */,
			);
			runOnlyForDeploymentPostprocessing = 0;
		};
/* End PBXSourcesBuildPhase section */

/* Begin PBXTargetDependency section */
		D203CFEE1E74691800F5E0A6 /* PBXTargetDependency */ = {
			isa = PBXTargetDependency;
			target = D203CFDA1E74691800F5E0A6 /* YoutubeDownloader */;
			targetProxy = D203CFED1E74691800F5E0A6 /* PBXContainerItemProxy */;
		};
		D203CFF91E74691800F5E0A6 /* PBXTargetDependency */ = {
			isa = PBXTargetDependency;
			target = D203CFDA1E74691800F5E0A6 /* YoutubeDownloader */;
			targetProxy = D203CFF81E74691800F5E0A6 /* PBXContainerItemProxy */;
		};
/* End PBXTargetDependency section */

/* Begin PBXVariantGroup section */
		D203CFE41E74691800F5E0A6 /* Main.storyboard */ = {
			isa = PBXVariantGroup;
			children = (
				D203CFE51E74691800F5E0A6 /* Base */,
			);
			name = Main.storyboard;
			sourceTree = "<group>";
		};
/* End PBXVariantGroup section */

/* Begin XCBuildConfiguration section */
		D203CFFE1E74691800F5E0A6 /* Debug */ = {
			isa = XCBuildConfiguration;
			buildSettings = {
				ALWAYS_SEARCH_USER_PATHS = NO;
				CLANG_ANALYZER_NONNULL = YES;
				CLANG_CXX_LANGUAGE_STANDARD = "gnu++0x";
				CLANG_CXX_LIBRARY = "libc++";
				CLANG_ENABLE_MODULES = YES;
				CLANG_ENABLE_OBJC_ARC = YES;
				CLANG_WARN_BOOL_CONVERSION = YES;
				CLANG_WARN_CONSTANT_CONVERSION = YES;
				CLANG_WARN_DIRECT_OBJC_ISA_USAGE = YES_ERROR;
				CLANG_WARN_DOCUMENTATION_COMMENTS = YES;
				CLANG_WARN_EMPTY_BODY = YES;
				CLANG_WARN_ENUM_CONVERSION = YES;
				CLANG_WARN_INFINITE_RECURSION = YES;
				CLANG_WARN_INT_CONVERSION = YES;
				CLANG_WARN_OBJC_ROOT_CLASS = YES_ERROR;
				CLANG_WARN_SUSPICIOUS_MOVE = YES;
				CLANG_WARN_UNREACHABLE_CODE = YES;
				CLANG_WARN__DUPLICATE_METHOD_MATCH = YES;
				CODE_SIGN_IDENTITY = "-";
				COPY_PHASE_STRIP = NO;
				DEBUG_INFORMATION_FORMAT = dwarf;
				ENABLE_STRICT_OBJC_MSGSEND = YES;
				ENABLE_TESTABILITY = YES;
				GCC_C_LANGUAGE_STANDARD = gnu99;
				GCC_DYNAMIC_NO_PIC = NO;
				GCC_NO_COMMON_BLOCKS = YES;
				GCC_OPTIMIZATION_LEVEL = 0;
				GCC_PREPROCESSOR_DEFINITIONS = (
					"DEBUG=1",
					"$(inherited)",
				);
				GCC_WARN_64_TO_32_BIT_CONVERSION = YES;
				GCC_WARN_ABOUT_RETURN_TYPE = YES_ERROR;
				GCC_WARN_UNDECLARED_SELECTOR = YES;
				GCC_WARN_UNINITIALIZED_AUTOS = YES_AGGRESSIVE;
				GCC_WARN_UNUSED_FUNCTION = YES;
				GCC_WARN_UNUSED_VARIABLE = YES;
				MACOSX_DEPLOYMENT_TARGET = 10.12;
				MTL_ENABLE_DEBUG_INFO = YES;
				ONLY_ACTIVE_ARCH = YES;
				SDKROOT = macosx;
				SWIFT_ACTIVE_COMPILATION_CONDITIONS = DEBUG;
				SWIFT_OPTIMIZATION_LEVEL = "-Onone";
			};
			name = Debug;
		};
		D203CFFF1E74691800F5E0A6 /* Release */ = {
			isa = XCBuildConfiguration;
			buildSettings = {
				ALWAYS_SEARCH_USER_PATHS = NO;
				CLANG_ANALYZER_NONNULL = YES;
				CLANG_CXX_LANGUAGE_STANDARD = "gnu++0x";
				CLANG_CXX_LIBRARY = "libc++";
				CLANG_ENABLE_MODULES = YES;
				CLANG_ENABLE_OBJC_ARC = YES;
				CLANG_WARN_BOOL_CONVERSION = YES;
				CLANG_WARN_CONSTANT_CONVERSION = YES;
				CLANG_WARN_DIRECT_OBJC_ISA_USAGE = YES_ERROR;
				CLANG_WARN_DOCUMENTATION_COMMENTS = YES;
				CLANG_WARN_EMPTY_BODY = YES;
				CLANG_WARN_ENUM_CONVERSION = YES;
				CLANG_WARN_INFINITE_RECURSION = YES;
				CLANG_WARN_INT_CONVERSION = YES;
				CLANG_WARN_OBJC_ROOT_CLASS = YES_ERROR;
				CLANG_WARN_SUSPICIOUS_MOVE = YES;
				CLANG_WARN_UNREACHABLE_CODE = YES;
				CLANG_WARN__DUPLICATE_METHOD_MATCH = YES;
				CODE_SIGN_IDENTITY = "-";
				COPY_PHASE_STRIP = NO;
				DEBUG_INFORMATION_FORMAT = "dwarf-with-dsym";
				ENABLE_NS_ASSERTIONS = NO;
				ENABLE_STRICT_OBJC_MSGSEND = YES;
				GCC_C_LANGUAGE_STANDARD = gnu99;
				GCC_NO_COMMON_BLOCKS = YES;
				GCC_WARN_64_TO_32_BIT_CONVERSION = YES;
				GCC_WARN_ABOUT_RETURN_TYPE = YES_ERROR;
				GCC_WARN_UNDECLARED_SELECTOR = YES;
				GCC_WARN_UNINITIALIZED_AUTOS = YES_AGGRESSIVE;
				GCC_WARN_UNUSED_FUNCTION = YES;
				GCC_WARN_UNUSED_VARIABLE = YES;
				MACOSX_DEPLOYMENT_TARGET = 10.12;
				MTL_ENABLE_DEBUG_INFO = NO;
				SDKROOT = macosx;
				SWIFT_OPTIMIZATION_LEVEL = "-Owholemodule";
			};
			name = Release;
		};
		D203D0011E74691800F5E0A6 /* Debug */ = {
			isa = XCBuildConfiguration;
			buildSettings = {
				ASSETCATALOG_COMPILER_APPICON_NAME = AppIcon;
				COMBINE_HIDPI_IMAGES = YES;
				INFOPLIST_FILE = YoutubeDownloader/Info.plist;
				LD_RUNPATH_SEARCH_PATHS = "$(inherited) @executable_path/../Frameworks";
				PRODUCT_BUNDLE_IDENTIFIER = com.fantageek.YoutubeDownloader;
				PRODUCT_NAME = "$(TARGET_NAME)";
				SWIFT_VERSION = 3.0;
			};
			name = Debug;
		};
		D203D0021E74691800F5E0A6 /* Release */ = {
			isa = XCBuildConfiguration;
			buildSettings = {
				ASSETCATALOG_COMPILER_APPICON_NAME = AppIcon;
				COMBINE_HIDPI_IMAGES = YES;
				INFOPLIST_FILE = YoutubeDownloader/Info.plist;
				LD_RUNPATH_SEARCH_PATHS = "$(inherited) @executable_path/../Frameworks";
				PRODUCT_BUNDLE_IDENTIFIER = com.fantageek.YoutubeDownloader;
				PRODUCT_NAME = "$(TARGET_NAME)";
				SWIFT_VERSION = 3.0;
			};
			name = Release;
		};
		D203D0041E74691800F5E0A6 /* Debug */ = {
			isa = XCBuildConfiguration;
			buildSettings = {
				ALWAYS_EMBED_SWIFT_STANDARD_LIBRARIES = YES;
				BUNDLE_LOADER = "$(TEST_HOST)";
				COMBINE_HIDPI_IMAGES = YES;
				INFOPLIST_FILE = YoutubeDownloaderTests/Info.plist;
				LD_RUNPATH_SEARCH_PATHS = "$(inherited) @executable_path/../Frameworks @loader_path/../Frameworks";
				PRODUCT_BUNDLE_IDENTIFIER = com.fantageek.YoutubeDownloaderTests;
				PRODUCT_NAME = "$(TARGET_NAME)";
				SWIFT_VERSION = 3.0;
				TEST_HOST = "$(BUILT_PRODUCTS_DIR)/YoutubeDownloader.app/Contents/MacOS/YoutubeDownloader";
			};
			name = Debug;
		};
		D203D0051E74691800F5E0A6 /* Release */ = {
			isa = XCBuildConfiguration;
			buildSettings = {
				ALWAYS_EMBED_SWIFT_STANDARD_LIBRARIES = YES;
				BUNDLE_LOADER = "$(TEST_HOST)";
				COMBINE_HIDPI_IMAGES = YES;
				INFOPLIST_FILE = YoutubeDownloaderTests/Info.plist;
				LD_RUNPATH_SEARCH_PATHS = "$(inherited) @executable_path/../Frameworks @loader_path/../Frameworks";
				PRODUCT_BUNDLE_IDENTIFIER = com.fantageek.YoutubeDownloaderTests;
				PRODUCT_NAME = "$(TARGET_NAME)";
				SWIFT_VERSION = 3.0;
				TEST_HOST = "$(BUILT_PRODUCTS_DIR)/YoutubeDownloader.app/Contents/MacOS/YoutubeDownloader";
			};
			name = Release;
		};
		D203D0071E74691800F5E0A6 /* Debug */ = {
			isa = XCBuildConfiguration;
			buildSettings = {
				ALWAYS_EMBED_SWIFT_STANDARD_LIBRARIES = YES;
				COMBINE_HIDPI_IMAGES = YES;
				INFOPLIST_FILE = YoutubeDownloaderUITests/Info.plist;
				LD_RUNPATH_SEARCH_PATHS = "$(inherited) @executable_path/../Frameworks @loader_path/../Frameworks";
				PRODUCT_BUNDLE_IDENTIFIER = com.fantageek.YoutubeDownloaderUITests;
				PRODUCT_NAME = "$(TARGET_NAME)";
				SWIFT_VERSION = 3.0;
				TEST_TARGET_NAME = YoutubeDownloader;
			};
			name = Debug;
		};
		D203D0081E74691800F5E0A6 /* Release */ = {
			isa = XCBuildConfiguration;
			buildSettings = {
				ALWAYS_EMBED_SWIFT_STANDARD_LIBRARIES = YES;
				COMBINE_HIDPI_IMAGES = YES;
				INFOPLIST_FILE = YoutubeDownloaderUITests/Info.plist;
				LD_RUNPATH_SEARCH_PATHS = "$(inherited) @executable_path/../Frameworks @loader_path/../Frameworks";
				PRODUCT_BUNDLE_IDENTIFIER = com.fantageek.YoutubeDownloaderUITests;
				PRODUCT_NAME = "$(TARGET_NAME)";
				SWIFT_VERSION = 3.0;
				TEST_TARGET_NAME = YoutubeDownloader;
			};
			name = Release;
		};
/* End XCBuildConfiguration section */

/* Begin XCConfigurationList section */
		D203CFD61E74691800F5E0A6 /* Build configuration list for PBXProject "YoutubeDownloader" */ = {
			isa = XCConfigurationList;
			buildConfigurations = (
				D203CFFE1E74691800F5E0A6 /* Debug */,
				D203CFFF1E74691800F5E0A6 /* Release */,
			);
			defaultConfigurationIsVisible = 0;
			defaultConfigurationName = Release;
		};
		D203D0001E74691800F5E0A6 /* Build configuration list for PBXNativeTarget "YoutubeDownloader" */ = {
			isa = XCConfigurationList;
			buildConfigurations = (
				D203D0011E74691800F5E0A6 /* Debug */,
				D203D0021E74691800F5E0A6 /* Release */,
			);
			defaultConfigurationIsVisible = 0;
		};
		D203D0031E74691800F5E0A6 /* Build configuration list for PBXNativeTarget "YoutubeDownloaderTests" */ = {
			isa = XCConfigurationList;
			buildConfigurations = (
				D203D0041E74691800F5E0A6 /* Debug */,
				D203D0051E74691800F5E0A6 /* Release */,
			);
			defaultConfigurationIsVisible = 0;
		};
		D203D0061E74691800F5E0A6 /* Build configuration list for PBXNativeTarget "YoutubeDownloaderUITests" */ = {
			isa = XCConfigurationList;
			buildConfigurations = (
				D203D0071E74691800F5E0A6 /* Debug */,
				D203D0081E74691800F5E0A6 /* Release */,
			);
			defaultConfigurationIsVisible = 0;
		};
/* End XCConfigurationList section */
	};
	rootObject = D203CFD31E74691800F5E0A6 /* Project object */;
}
